# This file is @generated by PDM.
# It is not intended for manual editing.

[metadata]
groups = ["default", "dev"]
strategy = ["inherit_metadata"]
lock_version = "4.5.0"
content_hash = "sha256:3ee197959288ecd96cef103f04158aa76896bfd1bc76b296ce1863648bea00e9"

[[metadata.targets]]
requires_python = ">=3.10,<3.11"

[[package]]
name = "astroid"
version = "4.0.3"
requires_python = ">=3.10.0"
summary = "An abstract syntax tree for Python with inference support."
groups = ["dev"]
dependencies = [
    "typing-extensions>=4; python_version < \"3.11\"",
]
files = [
    {file = "astroid-4.0.3-py3-none-any.whl", hash = "sha256:864a0a34af1bd70e1049ba1e61cee843a7252c826d97825fcee9b2fcbd9e1b14"},
    {file = "astroid-4.0.3.tar.gz", hash = "sha256:08d1de40d251cc3dc4a7a12726721d475ac189e4e583d596ece7422bc176bda3"},
]

[[package]]
name = "autopep8"
version = "2.3.2"
requires_python = ">=3.9"
summary = "A tool that automatically formats Python code to conform to the PEP 8 style guide"
groups = ["dev"]
dependencies = [
    "pycodestyle>=2.12.0",
    "tomli; python_version < \"3.11\"",
]
files = [
    {file = "autopep8-2.3.2-py2.py3-none-any.whl", hash = "sha256:ce8ad498672c845a0c3de2629c15b635ec2b05ef8177a6e7c91c74f3e9b51128"},
    {file = "autopep8-2.3.2.tar.gz", hash = "sha256:89440a4f969197b69a995e4ce0661b031f455a9f776d2c5ba3dbd83466931758"},
]

[[package]]
name = "charset-normalizer"
version = "3.4.4"
requires_python = ">=3.7"
summary = "The Real First Universal Charset Detector. Open, modern and actively maintained alternative to Chardet."
groups = ["default"]
files = [
    {file = "charset_normalizer-3.4.4-cp310-cp310-macosx_10_9_universal2.whl", hash = "sha256:e824f1492727fa856dd6eda4f7cee25f8518a12f3c4a56a74e8095695089cf6d"},
    {file = "charset_normalizer-3.4.4-cp310-cp310-manylinux2014_aarch64.manylinux_2_17_aarch64.manylinux_2_28_aarch64.whl", hash = "sha256:4bd5d4137d500351a30687c2d3971758aac9a19208fc110ccb9d7188fbe709e8"},
    {file = "charset_normalizer-3.4.4-cp310-cp310-manylinux2014_armv7l.manylinux_2_17_armv7l.manylinux_2_31_armv7l.whl", hash = "sha256:027f6de494925c0ab2a55eab46ae5129951638a49a34d87f4c3eda90f696b4ad"},
    {file = "charset_normalizer-3.4.4-cp310-cp310-manylinux2014_ppc64le.manylinux_2_17_ppc64le.manylinux_2_28_ppc64le.whl", hash = "sha256:f820802628d2694cb7e56db99213f930856014862f3fd943d290ea8438d07ca8"},
    {file = "charset_normalizer-3.4.4-cp310-cp310-manylinux2014_s390x.manylinux_2_17_s390x.manylinux_2_28_s390x.whl", hash = "sha256:798d75d81754988d2565bff1b97ba5a44411867c0cf32b77a7e8f8d84796b10d"},
    {file = "charset_normalizer-3.4.4-cp310-cp310-manylinux2014_x86_64.manylinux_2_17_x86_64.manylinux_2_28_x86_64.whl", hash = "sha256:9d1bb833febdff5c8927f922386db610b49db6e0d4f4ee29601d71e7c2694313"},
    {file = "charset_normalizer-3.4.4-cp310-cp310-manylinux_2_31_riscv64.manylinux_2_39_riscv64.whl", hash = "sha256:9cd98cdc06614a2f768d2b7286d66805f94c48cde050acdbbb7db2600ab3197e"},
    {file = "charset_normalizer-3.4.4-cp310-cp310-musllinux_1_2_aarch64.whl", hash = "sha256:077fbb858e903c73f6c9db43374fd213b0b6a778106bc7032446a8e8b5b38b93"},
    {file = "charset_normalizer-3.4.4-cp310-cp310-musllinux_1_2_armv7l.whl", hash = "sha256:244bfb999c71b35de57821b8ea746b24e863398194a4014e4c76adc2bbdfeff0"},
    {file = "charset_normalizer-3.4.4-cp310-cp310-musllinux_1_2_ppc64le.whl", hash = "sha256:64b55f9dce520635f018f907ff1b0df1fdc31f2795a922fb49dd14fbcdf48c84"},
    {file = "charset_normalizer-3.4.4-cp310-cp310-musllinux_1_2_riscv64.whl", hash = "sha256:faa3a41b2b66b6e50f84ae4a68c64fcd0c44355741c6374813a800cd6695db9e"},
    {file = "charset_normalizer-3.4.4-cp310-cp310-musllinux_1_2_s390x.whl", hash = "sha256:6515f3182dbe4ea06ced2d9e8666d97b46ef4c75e326b79bb624110f122551db"},
    {file = "charset_normalizer-3.4.4-cp310-cp310-musllinux_1_2_x86_64.whl", hash = "sha256:cc00f04ed596e9dc0da42ed17ac5e596c6ccba999ba6bd92b0e0aef2f170f2d6"},
    {file = "charset_normalizer-3.4.4-cp310-cp310-win32.whl", hash = "sha256:f34be2938726fc13801220747472850852fe6b1ea75869a048d6f896838c896f"},
    {file = "charset_normalizer-3.4.4-cp310-cp310-win_amd64.whl", hash = "sha256:a61900df84c667873b292c3de315a786dd8dac506704dea57bc957bd31e22c7d"},
    {file = "charset_normalizer-3.4.4-cp310-cp310-win_arm64.whl", hash = "sha256:cead0978fc57397645f12578bfd2d5ea9138ea0fac82b2f63f7f7c6877986a69"},
    {file = "charset_normalizer-3.4.4-py3-none-any.whl", hash = "sha256:7a32c560861a02ff789ad905a2fe94e3f840803362c84fecf1851cb4cf3dc37f"},
    {file = "charset_normalizer-3.4.4.tar.gz", hash = "sha256:94537985111c35f28720e43603b8e7b43a6ecfb2ce1d3058bbe955b73404e21a"},
]

[[package]]
name = "colorama"
version = "0.4.6"
requires_python = "!=3.0.*,!=3.1.*,!=3.2.*,!=3.3.*,!=3.4.*,!=3.5.*,!=3.6.*,>=2.7"
summary = "Cross-platform colored terminal text."
groups = ["dev"]
marker = "sys_platform == \"win32\""
files = [
    {file = "colorama-0.4.6-py2.py3-none-any.whl", hash = "sha256:4f1d9991f5acc0ca119f9d443620b77f9d6b33703e51011c16baf57afb285fc6"},
    {file = "colorama-0.4.6.tar.gz", hash = "sha256:08695f5cb7ed6e0531a20572697297273c47b8cae5a63ffc6d6ed5c201be6e44"},
]

[[package]]
name = "cx-freeze"
version = "6.12.0"
requires_python = ">=3.6"
summary = "Create standalone executables from Python scripts"
groups = ["dev"]
dependencies = [
    "cx-logging>=3.0; sys_platform == \"win32\" and python_version < \"3.10\"",
    "importlib-metadata>=4.8.3; python_version < \"3.10\"",
    "lief>=0.11.5; sys_platform == \"win32\"",
    "packaging>=21.0",
    "patchelf>=0.12; sys_platform == \"linux\"",
    "setuptools<66,>=59.0.1",
]
files = [
    {file = "cx_Freeze-6.12.0-cp310-cp310-macosx_10_9_x86_64.whl", hash = "sha256:a8518162462fec973b9c89bf8d2f34452f74386e00b533ff655994608a8a56c6"},
    {file = "cx_Freeze-6.12.0-cp310-cp310-manylinux_2_17_x86_64.manylinux2014_x86_64.whl", hash = "sha256:6ab810343e921d2bdd6e313c3df8234b276a3838f8f0d1d2ec6c500a47b6a016"},
    {file = "cx_Freeze-6.12.0-cp310-cp310-win32.whl", hash = "sha256:a7c77ef922d2f3020409ef7e71d44fb90aa1df62be3a4f1a0210ea4e84fc2037"},
    {file = "cx_Freeze-6.12.0-cp310-cp310-win_amd64.whl", hash = "sha256:c56c29c95c81149d9265883bf48ff72b2788dccbf651f1443784a059e433c6b4"},
    {file = "cx_Freeze-6.12.0.tar.gz", hash = "sha256:4caf5258192337e1d0c63376d79cc875a6af17690b676461d09e2ef018f67096"},
]

[[package]]
name = "dill"
version = "0.4.1"
requires_python = ">=3.9"
summary = "serialize all of Python"
groups = ["dev"]
marker = "python_version < \"3.11\""
files = [
    {file = "dill-0.4.1-py3-none-any.whl", hash = "sha256:1e1ce33e978ae97fcfcff5638477032b801c46c7c65cf717f95fbc2248f79a9d"},
    {file = "dill-0.4.1.tar.gz", hash = "sha256:423092df4182177d4d8ba8290c8a5b640c66ab35ec7da59ccfa00f6fa3eea5fa"},
]

[[package]]
name = "easyprocess"
version = "1.1"
summary = "Easy to use Python subprocess interface."
groups = ["default"]
marker = "sys_platform != \"win32\""
files = [
    {file = "EasyProcess-1.1-py3-none-any.whl", hash = "sha256:82eed523a0a5eb12a81fa4eacd9f342caeb3f900eb4b798740e6696ad07e63f9"},
    {file = "EasyProcess-1.1.tar.gz", hash = "sha256:885898302a57aab948973e8b5d32a4229392b9fb2d986ab1d4ffd590e5ba90ec"},
]

[[package]]
name = "entrypoint2"
version = "1.1"
summary = "easy to use command-line interface for python modules"
groups = ["default"]
marker = "sys_platform != \"win32\""
files = [
    {file = "entrypoint2-1.1-py2.py3-none-any.whl", hash = "sha256:eeb8c327bdb65cdd1668c023a6b110b7e3d1a046fb05e043861ebd9264b3a257"},
    {file = "entrypoint2-1.1.tar.gz", hash = "sha256:fc0b7fe7b21acdab47a585ab9407ca7e5c4f96cb6888575db6b0ceb91f0e105a"},
]

[[package]]
name = "fasteners"
version = "0.20"
requires_python = ">=3.6"
summary = "A python package that provides useful locks"
groups = ["default"]
files = [
    {file = "fasteners-0.20-py3-none-any.whl", hash = "sha256:9422c40d1e350e4259f509fb2e608d6bc43c0136f79a00db1b49046029d0b3b7"},
    {file = "fasteners-0.20.tar.gz", hash = "sha256:55dce8792a41b56f727ba6e123fcaee77fd87e638a6863cec00007bfea84c8d8"},
]

[[package]]
name = "isort"
version = "7.0.0"
requires_python = ">=3.10.0"
summary = "A Python utility / library to sort Python imports."
groups = ["dev"]
files = [
    {file = "isort-7.0.0-py3-none-any.whl", hash = "sha256:1bcabac8bc3c36c7fb7b98a76c8abb18e0f841a3ba81decac7691008592499c1"},
    {file = "isort-7.0.0.tar.gz", hash = "sha256:5513527951aadb3ac4292a41a16cbc50dd1642432f5e8c20057d414bdafb4187"},
]

[[package]]
name = "librt"
version = "0.7.8"
requires_python = ">=3.9"
summary = "Mypyc runtime library"
groups = ["dev"]
marker = "platform_python_implementation != \"PyPy\""
files = [
    {file = "librt-0.7.8-cp310-cp310-macosx_10_9_x86_64.whl", hash = "sha256:b45306a1fc5f53c9330fbee134d8b3227fe5da2ab09813b892790400aa49352d"},
    {file = "librt-0.7.8-cp310-cp310-macosx_11_0_arm64.whl", hash = "sha256:864c4b7083eeee250ed55135d2127b260d7eb4b5e953a9e5df09c852e327961b"},
    {file = "librt-0.7.8-cp310-cp310-manylinux1_i686.manylinux_2_28_i686.manylinux_2_5_i686.whl", hash = "sha256:6938cc2de153bc927ed8d71c7d2f2ae01b4e96359126c602721340eb7ce1a92d"},
    {file = "librt-0.7.8-cp310-cp310-manylinux2014_aarch64.manylinux_2_17_aarch64.manylinux_2_28_aarch64.whl", hash = "sha256:66daa6ac5de4288a5bbfbe55b4caa7bf0cd26b3269c7a476ffe8ce45f837f87d"},
    {file = "librt-0.7.8-cp310-cp310-manylinux2014_x86_64.manylinux_2_17_x86_64.manylinux_2_28_x86_64.whl", hash = "sha256:4864045f49dc9c974dadb942ac56a74cd0479a2aafa51ce272c490a82322ea3c"},
    {file = "librt-0.7.8-cp310-cp310-musllinux_1_2_aarch64.whl", hash = "sha256:a36515b1328dc5b3ffce79fe204985ca8572525452eacabee2166f44bb387b2c"},
    {file = "librt-0.7.8-cp310-cp310-musllinux_1_2_i686.whl", hash = "sha256:b7e7f140c5169798f90b80d6e607ed2ba5059784968a004107c88ad61fb3641d"},
    {file = "librt-0.7.8-cp310-cp310-musllinux_1_2_x86_64.whl", hash = "sha256:ff71447cb778a4f772ddc4ce360e6ba9c95527ed84a52096bd1bbf9fee2ec7c0"},
    {file = "librt-0.7.8-cp310-cp310-win32.whl", hash = "sha256:047164e5f68b7a8ebdf9fae91a3c2161d3192418aadd61ddd3a86a56cbe3dc85"},
    {file = "librt-0.7.8-cp310-cp310-win_amd64.whl", hash = "sha256:d6f254d096d84156a46a84861183c183d30734e52383602443292644d895047c"},
    {file = "librt-0.7.8.tar.gz", hash = "sha256:1a4ede613941d9c3470b0368be851df6bb78ab218635512d0370b27a277a0862"},
]

[[package]]
name = "lief"
version = "0.17.3"
requires_python = ">=3.8"
summary = "Library to instrument executable formats"
groups = ["dev"]
marker = "sys_platform == \"win32\""
files = [
    {file = "lief-0.17.3-cp310-cp310-macosx_11_0_arm64.whl", hash = "sha256:fd34fdbbfcab4cfcc6b688ecf87859339b7753e9cc0455b63bbdd09b1159b405"},
    {file = "lief-0.17.3-cp310-cp310-macosx_11_0_x86_64.whl", hash = "sha256:fff1cdd762ccc8dcf2096eede04e566ce98ee7e1b056fe941be9b8b0a2d59c81"},
    {file = "lief-0.17.3-cp310-cp310-manylinux2014_aarch64.whl", hash = "sha256:3254c60e32f7e175c8c576f7fccfaa136a2cd0a6a4f586e0a9e9f47b3efd54ff"},
    {file = "lief-0.17.3-cp310-cp310-manylinux_2_28_i686.whl", hash = "sha256:904a3b8910dcf52b365aa367b615c50806310fbae54f073c15da6953d1da30b7"},
    {file = "lief-0.17.3-cp310-cp310-manylinux_2_28_x86_64.whl", hash = "sha256:90ebc1eb34dc436a6c14c8d1d664cbe8edc37afea40c22abfcdb4940a5de175f"},
    {file = "lief-0.17.3-cp310-cp310-musllinux_1_2_aarch64.whl", hash = "sha256:0de521cff02a476b349d3318552e41cdd71b1b2c7af38da80a1236d565ef897e"},
    {file = "lief-0.17.3-cp310-cp310-musllinux_1_2_i686.whl", hash = "sha256:1bc29ec1cc57a6af075f8c76b8425f9b41b02ea3cf0ec84cd065486c16ce9930"},
    {file = "lief-0.17.3-cp310-cp310-musllinux_1_2_x86_64.whl", hash = "sha256:dca73401cdb525e80b142d5f09c86d342038bd15ec163e802ad5abb4b63876cf"},
    {file = "lief-0.17.3-cp310-cp310-win32.whl", hash = "sha256:f26c77c987b2a9f168c63a1021daec2e1facad9465f2d534e94d616b4e64e874"},
    {file = "lief-0.17.3-cp310-cp310-win_amd64.whl", hash = "sha256:dbbc79e83e5c935680b4fd82f8627e24b75823a11fcab251a72fd64f74efdd92"},
    {file = "lief-0.17.3.tar.gz", hash = "sha256:943fce7b85d3e2605d4f8d48981b8e342cbd9332a2b3f0eea2e309ba6ba00f67"},
]

[[package]]
name = "mccabe"
version = "0.7.0"
requires_python = ">=3.6"
summary = "McCabe checker, plugin for flake8"
groups = ["dev"]
files = [
    {file = "mccabe-0.7.0-py2.py3-none-any.whl", hash = "sha256:6c2d30ab6be0e4a46919781807b4f0d834ebdd6c6e3dca0bda5a15f863427b6e"},
    {file = "mccabe-0.7.0.tar.gz", hash = "sha256:348e0240c33b60bbdf4e523192ef919f28cb2c3d7d5c7794f74009290f236325"},
]

[[package]]
name = "mypy"
version = "1.19.1"
requires_python = ">=3.9"
summary = "Optional static typing for Python"
groups = ["dev"]
dependencies = [
    "librt>=0.6.2; platform_python_implementation != \"PyPy\"",
    "mypy-extensions>=1.0.0",
    "pathspec>=0.9.0",
    "tomli>=1.1.0; python_version < \"3.11\"",
    "typing-extensions>=4.6.0",
]
files = [
    {file = "mypy-1.19.1-cp310-cp310-macosx_10_9_x86_64.whl", hash = "sha256:5f05aa3d375b385734388e844bc01733bd33c644ab48e9684faa54e5389775ec"},
    {file = "mypy-1.19.1-cp310-cp310-macosx_11_0_arm64.whl", hash = "sha256:022ea7279374af1a5d78dfcab853fe6a536eebfda4b59deab53cd21f6cd9f00b"},
    {file = "mypy-1.19.1-cp310-cp310-manylinux2014_aarch64.manylinux_2_17_aarch64.manylinux_2_28_aarch64.whl", hash = "sha256:ee4c11e460685c3e0c64a4c5de82ae143622410950d6be863303a1c4ba0e36d6"},
    {file = "mypy-1.19.1-cp310-cp310-manylinux2014_x86_64.manylinux_2_17_x86_64.manylinux_2_28_x86_64.whl", hash = "sha256:de759aafbae8763283b2ee5869c7255391fbc4de3ff171f8f030b5ec48381b74"},
    {file = "mypy-1.19.1-cp310-cp310-musllinux_1_2_x86_64.whl", hash = "sha256:ab43590f9cd5108f41aacf9fca31841142c786827a74ab7cc8a2eacb634e09a1"},
    {file = "mypy-1.19.1-cp310-cp310-win_amd64.whl", hash = "sha256:2899753e2f61e571b3971747e302d5f420c3fd09650e1951e99f823bc3089dac"},
    {file = "mypy-1.19.1-py3-none-any.whl", hash = "sha256:f1235f5ea01b7db5468d53ece6aaddf1ad0b88d9e7462b86ef96fe04995d7247"},
    {file = "mypy-1.19.1.tar.gz", hash = "sha256:19d88bb05303fe63f71dd2c6270daca27cb9401c4ca8255fe50d1d920e0eb9ba"},
]

[[package]]
name = "mypy-extensions"
version = "1.1.0"
requires_python = ">=3.8"
summary = "Type system extensions for programs checked with the mypy type checker."
groups = ["dev"]
files = [
    {file = "mypy_extensions-1.1.0-py3-none-any.whl", hash = "sha256:1be4cccdb0f2482337c4743e60421de3a356cd97508abadd57d47403e94f5505"},
    {file = "mypy_extensions-1.1.0.tar.gz", hash = "sha256:52e68efc3284861e772bbcd66823fde5ae21fd2fdb51c62a211403730b916558"},
]

[[package]]
name = "packaging"
version = "26.0"
requires_python = ">=3.8"
summary = "Core utilities for Python packages"
groups = ["dev"]
files = [
    {file = "packaging-26.0-py3-none-any.whl", hash = "sha256:b36f1fef9334a5588b4166f8bcd26a14e521f2b55e6b9de3aaa80d3ff7a37529"},
    {file = "packaging-26.0.tar.gz", hash = "sha256:00243ae351a257117b6a241061796684b084ed1c516a08c48a3f7e147a9d80b4"},
]

[[package]]
name = "patchelf"
version = "0.18.1.0a1"
requires_python = ">=3.7"
summary = "A small utility to modify the dynamic linker and RPATH of ELF executables."
groups = ["dev"]
marker = "sys_platform == \"linux\""
files = [
    {file = "patchelf-0.18.1.0a1-py3-none-macosx_10_9_universal2.whl", hash = "sha256:039178c113ee818e232565f2f5b87d201b56c73404b27fa28efabbf975a56a2a"},
    {file = "patchelf-0.18.1.0a1-py3-none-manylinux1_i686.manylinux_2_5_i686.musllinux_1_1_i686.whl", hash = "sha256:249318a7855a2181a669d3f397e21a6adbd8ecb5030cefda5770a2669fa52fd2"},
    {file = "patchelf-0.18.1.0a1-py3-none-manylinux1_x86_64.manylinux_2_5_x86_64.musllinux_1_1_x86_64.whl", hash = "sha256:8fedce56c8aceaebaf1b12765bdecb48dd2fdc0ad7511325317c1291928637e2"},
    {file = "patchelf-0.18.1.0a1-py3-none-manylinux2014_aarch64.manylinux_2_17_aarch64.musllinux_1_1_aarch64.whl", hash = "sha256:45befc41232e2f232a85fd98eefe2a712eb69ecf21e845722faa54d88be28e88"},
    {file = "patchelf-0.18.1.0a1-py3-none-manylinux2014_armv7l.manylinux_2_17_armv7l.musllinux_1_1_armv7l.whl", hash = "sha256:cdc904363482000bfe62e4a1bb4fdc128022ca7c237eb85b66d5509fd935d123"},
    {file = "patchelf-0.18.1.0a1-py3-none-manylinux2014_ppc64le.manylinux_2_17_ppc64le.musllinux_1_1_ppc64le.whl", hash = "sha256:10ea33d96c6014164d1c501f72b832f9393ab0aa9f7bbe3fd006f9d6dfc385ba"},
    {file = "patchelf-0.18.1.0a1-py3-none-manylinux2014_s390x.manylinux_2_17_s390x.musllinux_1_1_s390x.whl", hash = "sha256:307b83dc5749696411753650a2d01f33cc1e5d4ce1f7106da30f02b5f9e1def8"},
    {file = "patchelf-0.18.1.0a1-py3-none-manylinux_2_31_riscv64.musllinux_1_1_riscv64.whl", hash = "sha256:1a7edef1a027c5dfa409eb26b8b40bcaba151df15c033cae541e052c2d0d2da4"},
    {file = "patchelf-0.18.1.0a1.tar.gz", hash = "sha256:ecf3b0765b977965e634fbf444d3125e5bb842789dac50604192950c1fc77a93"},
]

[[package]]
name = "pathspec"
version = "1.0.4"
requires_python = ">=3.9"
summary = "Utility library for gitignore style pattern matching of file paths."
groups = ["dev"]
files = [
    {file = "pathspec-1.0.4-py3-none-any.whl", hash = "sha256:fb6ae2fd4e7c921a165808a552060e722767cfa526f99ca5156ed2ce45a5c723"},
    {file = "pathspec-1.0.4.tar.gz", hash = "sha256:0210e2ae8a21a9137c0d470578cb0e595af87edaa6ebf12ff176f14a02e0e645"},
]

[[package]]
name = "patool"
version = "4.0.1"
requires_python = ">=3.10"
summary = "portable archive file manager"
groups = ["default"]
marker = "sys_platform != \"win32\""
files = [
    {file = "patool-4.0.1-py2.py3-none-any.whl", hash = "sha256:a7430eb08edcbd71feaf9c40f55c46f6a0ac385dc68dd0f5010cfa4ad2e9341a"},
    {file = "patool-4.0.1.tar.gz", hash = "sha256:41f7ee21be337a5baf07b2cb4796e9d94397ab741d2379c622f98fc001099802"},
]

[[package]]
name = "platformdirs"
version = "4.5.1"
requires_python = ">=3.10"
summary = "A small Python package for determining appropriate platform-specific dirs, e.g. a `user data dir`."
groups = ["dev"]
files = [
    {file = "platformdirs-4.5.1-py3-none-any.whl", hash = "sha256:d03afa3963c806a9bed9d5125c8f4cb2fdaf74a55ab60e5d59b3fde758104d31"},
    {file = "platformdirs-4.5.1.tar.gz", hash = "sha256:61d5cdcc6065745cdd94f0f878977f8de9437be93de97c1c12f853c9c0cdcbda"},
]

[[package]]
name = "pycodestyle"
version = "2.14.0"
requires_python = ">=3.9"
summary = "Python style guide checker"
groups = ["dev"]
files = [
    {file = "pycodestyle-2.14.0-py2.py3-none-any.whl", hash = "sha256:dd6bf7cb4ee77f8e016f9c8e74a35ddd9f67e1d5fd4184d86c3b98e07099f42d"},
    {file = "pycodestyle-2.14.0.tar.gz", hash = "sha256:c4b5b517d278089ff9d0abdec919cd97262a3367449ea1c8b49b91529167b783"},
]

[[package]]
name = "pylint"
version = "4.0.4"
requires_python = ">=3.10.0"
summary = "python code static checker"
groups = ["dev"]
dependencies = [
    "astroid<=4.1.dev0,>=4.0.2",
    "colorama>=0.4.5; sys_platform == \"win32\"",
    "dill>=0.2; python_version < \"3.11\"",
    "dill>=0.3.6; python_version >= \"3.11\"",
    "dill>=0.3.7; python_version >= \"3.12\"",
    "isort!=5.13,<8,>=5",
    "mccabe<0.8,>=0.6",
    "platformdirs>=2.2",
    "tomli>=1.1; python_version < \"3.11\"",
    "tomlkit>=0.10.1",
    "typing-extensions>=3.10; python_version < \"3.10\"",
]
files = [
    {file = "pylint-4.0.4-py3-none-any.whl", hash = "sha256:63e06a37d5922555ee2c20963eb42559918c20bd2b21244e4ef426e7c43b92e0"},
    {file = "pylint-4.0.4.tar.gz", hash = "sha256:d9b71674e19b1c36d79265b5887bf8e55278cbe236c9e95d22dc82cf044fdbd2"},
]

[[package]]
name = "pyside2"
version = "5.15.2.1"
requires_python = ">=2.7, !=3.0.*, !=3.1.*, !=3.2.*, !=3.3.*, !=3.4.*, <3.11"
summary = "Python bindings for the Qt cross-platform application and UI framework"
groups = ["default"]
dependencies = [
    "shiboken2==5.15.2.1",
]
files = [
    {file = "PySide2-5.15.2.1-5.15.2-cp35.cp36.cp37.cp38.cp39.cp310-abi3-macosx_10_13_intel.whl", hash = "sha256:a9e2e6bbcb5d2ebb421e46e72244a0f4fe0943b2288115f80a863aacc1de1f06"},
    {file = "PySide2-5.15.2.1-5.15.2-cp35.cp36.cp37.cp38.cp39.cp310-abi3-manylinux1_x86_64.whl", hash = "sha256:23886c6391ebd916e835fa1b5ae66938048504fd3a2934ae3189a96cd5ac0b46"},
    {file = "PySide2-5.15.2.1-5.15.2-cp35.cp36.cp37.cp38.cp39.cp310-none-win32.whl", hash = "sha256:439509e53cfe05abbf9a99422a2cbad086408b0f9bf5e6f642ff1b13b1f8b055"},
    {file = "PySide2-5.15.2.1-5.15.2-cp35.cp36.cp37.cp38.cp39.cp310-none-win_amd64.whl", hash = "sha256:af6b263fe63ba6dea7eaebae80aa7b291491fe66f4f0057c0aafe780cc83da9d"},
]

[[package]]
name = "pyunpack"
version = "0.3"
summary = "unpack archive files"
groups = ["default"]
marker = "sys_platform != \"win32\""
dependencies = [
    "easyprocess",
    "entrypoint2",
]
files = [
    {file = "pyunpack-0.3-py2.py3-none-any.whl", hash = "sha256:8f517cfc71215f37f74cf3a7668028828c68dc76f4d02e7a69f227ce978d51a3"},
    {file = "pyunpack-0.3.tar.gz", hash = "sha256:b9192665c3aa28eaeb2b01198a2f2f985d9a3ecce55f266a657b31cd337d3f12"},
]

[[package]]
name = "setuptools"
version = "65.7.0"
requires_python = ">=3.7"
summary = "Easily download, build, install, upgrade, and uninstall Python packages"
groups = ["dev"]
files = [
    {file = "setuptools-65.7.0-py3-none-any.whl", hash = "sha256:8ab4f1dbf2b4a65f7eec5ad0c620e84c34111a68d3349833494b9088212214dd"},
    {file = "setuptools-65.7.0.tar.gz", hash = "sha256:4d3c92fac8f1118bb77a22181355e29c239cabfe2b9effdaa665c66b711136d7"},
]

[[package]]
name = "shiboken2"
version = "5.15.2.1"
requires_python = ">=2.7, !=3.0.*, !=3.1.*, !=3.2.*, !=3.3.*, !=3.4.*, <3.11"
summary = "Python / C++ bindings helper module"
groups = ["default"]
files = [
    {file = "shiboken2-5.15.2.1-5.15.2-cp35.cp36.cp37.cp38.cp39.cp310-abi3-macosx_10_13_intel.whl", hash = "sha256:ffd3d0ec3d508e592d7ee3885d27fee1f279a49989f734eb130f46d9501273a9"},
    {file = "shiboken2-5.15.2.1-5.15.2-cp35.cp36.cp37.cp38.cp39.cp310-abi3-manylinux1_x86_64.whl", hash = "sha256:63debfcc531b6a2b4985aa9b71433d2ad3bac542acffc729cc0ecaa3854390c0"},
    {file = "shiboken2-5.15.2.1-5.15.2-cp35.cp36.cp37.cp38.cp39.cp310-none-win32.whl", hash = "sha256:eb0da44b6fa60c6bd317b8f219e500595e94e0322b33ec5b4e9f406bedaee555"},
    {file = "shiboken2-5.15.2.1-5.15.2-cp35.cp36.cp37.cp38.cp39.cp310-none-win_amd64.whl", hash = "sha256:a0d0fdeb12b72c8af349b9642ccc67afd783dca449309f45e78cda50272fd6b7"},
]

[[package]]
name = "tomli"
version = "2.4.0"
requires_python = ">=3.8"
summary = "A lil' TOML parser"
groups = ["dev"]
marker = "python_version < \"3.11\""
files = [
    {file = "tomli-2.4.0-py3-none-any.whl", hash = "sha256:1f776e7d669ebceb01dee46484485f43a4048746235e683bcdffacdf1fb4785a"},
    {file = "tomli-2.4.0.tar.gz", hash = "sha256:aa89c3f6c277dd275d8e243ad24f3b5e701491a860d5121f2cdd399fbb31fc9c"},
]

[[package]]
name = "tomlkit"
version = "0.14.0"
requires_python = ">=3.9"
summary = "Style preserving TOML library"
groups = ["dev"]
files = [
    {file = "tomlkit-0.14.0-py3-none-any.whl", hash = "sha256:592064ed85b40fa213469f81ac584f67a4f2992509a7c3ea2d632208623a3680"},
    {file = "tomlkit-0.14.0.tar.gz", hash = "sha256:cf00efca415dbd57575befb1f6634c4f42d2d87dbba376128adb42c121b87064"},
]

[[package]]
name = "typing-extensions"
version = "4.15.0"
requires_python = ">=3.9"
summary = "Backported and Experimental Type Hints for Python 3.9+"
groups = ["dev"]
files = [
    {file = "typing_extensions-4.15.0-py3-none-any.whl", hash = "sha256:f0fa19c6845758ab08074a0cfa8b7aecb71c999ca73d62883bc25cc018c4e548"},
    {file = "typing_extensions-4.15.0.tar.gz", hash = "sha256:0cea48d173cc12fa28ecabc3b837ea3cf6f38c6d1136f85cbaaf598984861466"},
]

[[package]]
name = "watchdog"
version = "6.0.0"
requires_python = ">=3.9"
summary = "Filesystem events monitoring"
groups = ["default"]
files = [
    {file = "watchdog-6.0.0-cp310-cp310-macosx_10_9_universal2.whl", hash = "sha256:d1cdb490583ebd691c012b3d6dae011000fe42edb7a82ece80965b42abd61f26"},
    {file = "watchdog-6.0.0-cp310-cp310-macosx_10_9_x86_64.whl", hash = "sha256:bc64ab3bdb6a04d69d4023b29422170b74681784ffb9463ed4870cf2f3e66112"},
    {file = "watchdog-6.0.0-cp310-cp310-macosx_11_0_arm64.whl", hash = "sha256:c897ac1b55c5a1461e16dae288d22bb2e412ba9807df8397a635d88f671d36c3"},
    {file = "watchdog-6.0.0-pp310-pypy310_pp73-macosx_10_15_x86_64.whl", hash = "sha256:c7ac31a19f4545dd92fc25d200694098f42c9a8e391bc00bdd362c5736dbf881"},
    {file = "watchdog-6.0.0-pp310-pypy310_pp73-macosx_11_0_arm64.whl", hash = "sha256:9513f27a1a582d9808cf21a07dae516f0fab1cf2d7683a742c498b93eedabb11"},
    {file = "watchdog-6.0.0-py3-none-manylinux2014_aarch64.whl", hash = "sha256:7607498efa04a3542ae3e05e64da8202e58159aa1fa4acddf7678d34a35d4f13"},
    {file = "watchdog-6.0.0-py3-none-manylinux2014_armv7l.whl", hash = "sha256:9041567ee8953024c83343288ccc458fd0a2d811d6a0fd68c4c22609e3490379"},
    {file = "watchdog-6.0.0-py3-none-manylinux2014_i686.whl", hash = "sha256:82dc3e3143c7e38ec49d61af98d6558288c415eac98486a5c581726e0737c00e"},
    {file = "watchdog-6.0.0-py3-none-manylinux2014_ppc64.whl", hash = "sha256:212ac9b8bf1161dc91bd09c048048a95ca3a4c4f5e5d4a7d1b1a7d5752a7f96f"},
    {file = "watchdog-6.0.0-py3-none-manylinux2014_ppc64le.whl", hash = "sha256:e3df4cbb9a450c6d49318f6d14f4bbc80d763fa587ba46ec86f99f9e6876bb26"},
    {file = "watchdog-6.0.0-py3-none-manylinux2014_s390x.whl", hash = "sha256:2cce7cfc2008eb51feb6aab51251fd79b85d9894e98ba847408f662b3395ca3c"},
    {file = "watchdog-6.0.0-py3-none-manylinux2014_x86_64.whl", hash = "sha256:20ffe5b202af80ab4266dcd3e91aae72bf2da48c0d33bdb15c66658e685e94e2"},
    {file = "watchdog-6.0.0-py3-none-win32.whl", hash = "sha256:07df1fdd701c5d4c8e55ef6cf55b8f0120fe1aef7ef39a1c6fc6bc2e606d517a"},
    {file = "watchdog-6.0.0-py3-none-win_amd64.whl", hash = "sha256:cbafb470cf848d93b5d013e2ecb245d4aa1c8fd0504e863ccefa32445359d680"},
    {file = "watchdog-6.0.0-py3-none-win_ia64.whl", hash = "sha256:a1914259fa9e1454315171103c6a30961236f508b9b623eae470268bbcc6a22f"},
    {file = "watchdog-6.0.0.tar.gz", hash = "sha256:9ddf7c82fda3ae8e24decda1338ede66e1c99883db93711d8fb941eaa2d8c282"},
]
